{
	"name": "@toy-js/server",
	"version": "1.1.1",
	"lockfileVersion": 2,
	"requires": true,
	"packages": {
		"": {
			"name": "@toy-js/server",
			"version": "1.1.1",
			"license": "MIT",
			"dependencies": {
				"fp-ts": "^2.9.3"
			},
			"engines": {
				"node": ">=10"
			}
		},
		"node_modules/fp-ts": {
			"version": "2.9.3",
			"resolved": "https://registry.npmjs.org/fp-ts/-/fp-ts-2.9.3.tgz",
			"integrity": "sha512-NjzcHYgigcbPQ6yJ52zwgsVDwKz3vwy9sjbxyzcvfXQm+j1BGeOPRuzLKEwsLyE4Xut6gG1FXJtsU9/gUB7tXg=="
		}
	},
	"dependencies": {
		"fp-ts": {
			"version": "2.9.3",
			"resolved": "https://registry.npmjs.org/fp-ts/-/fp-ts-2.9.3.tgz",
			"integrity": "sha512-NjzcHYgigcbPQ6yJ52zwgsVDwKz3vwy9sjbxyzcvfXQm+j1BGeOPRuzLKEwsLyE4Xut6gG1FXJtsU9/gUB7tXg=="
		}
	}
}
